
Microsoft Visual Studio Solution File, Format Version 12.00
# Visual Studio Version 17
VisualStudioVersion = 17.0.31903.59
MinimumVisualStudioVersion = 10.0.40219.1
Project("{FAE04EC0-301F-11D3-BF4B-00C04F79EFBC}") = "PrimeService", "PrimeService\PrimeService.csproj", "{BD9BDF3B-256C-4EF1-9A5A-4D61E05AA0A9}"
EndProject
Project("{FAE04EC0-301F-11D3-BF4B-00C04F79EFBC}") = "PrimeService.Tests", "PrimeService.Tests\PrimeService.Tests.csproj", "{97A33161-5522-4830-B6B0-8DAD475E2B56}"
EndProject
Global
	GlobalSection(SolutionConfigurationPlatforms) = preSolution
		Debug|Any CPU = Debug|Any CPU
		Release|Any CPU = Release|Any CPU
	EndGlobalSection
	GlobalSection(SolutionProperties) = preSolution
		HideSolutionNode = FALSE
	EndGlobalSection
	GlobalSection(ProjectConfigurationPlatforms) = postSolution
		{BD9BDF3B-256C-4EF1-9A5A-4D61E05AA0A9}.Debug|Any CPU.ActiveCfg = Debug|Any CPU
		{BD9BDF3B-256C-4EF1-9A5A-4D61E05AA0A9}.Debug|Any CPU.Build.0 = Debug|Any CPU
		{BD9BDF3B-256C-4EF1-9A5A-4D61E05AA0A9}.Release|Any CPU.ActiveCfg = Release|Any CPU
		{BD9BDF3B-256C-4EF1-9A5A-4D61E05AA0A9}.Release|Any CPU.Build.0 = Release|Any CPU
		{97A33161-5522-4830-B6B0-8DAD475E2B56}.Debug|Any CPU.ActiveCfg = Debug|Any CPU
		{97A33161-5522-4830-B6B0-8DAD475E2B56}.Debug|Any CPU.Build.0 = Debug|Any CPU
		{97A33161-5522-4830-B6B0-8DAD475E2B56}.Release|Any CPU.ActiveCfg = Release|Any CPU
		{97A33161-5522-4830-B6B0-8DAD475E2B56}.Release|Any CPU.Build.0 = Release|Any CPU
	EndGlobalSection
EndGlobal
